
Microsoft Visual Studio Solution File, Format Version 12.00
# Visual Studio 15
VisualStudioVersion = 15.0.27703.2000
MinimumVisualStudioVersion = 10.0.40219.1
Project("{9A19103F-16F7-4668-BE54-9A1E7A4F7556}") = "SimpleAspNetCoreWebAPI", "SimpleAspNetCoreWebAPI.csproj", "{9CB9238C-D50A-4A43-B9A0-F2BA89E14CEA}"
EndProject
Global
	GlobalSection(SolutionConfigurationPlatforms) = preSolution
		Debug|Any CPU = Debug|Any CPU
		Release|Any CPU = Release|Any CPU
	EndGlobalSection
	GlobalSection(ProjectConfigurationPlatforms) = postSolution
		{9CB9238C-D50A-4A43-B9A0-F2BA89E14CEA}.Debug|Any CPU.ActiveCfg = Debug|Any CPU
		{9CB9238C-D50A-4A43-B9A0-F2BA89E14CEA}.Debug|Any CPU.Build.0 = Debug|Any CPU
		{9CB9238C-D50A-4A43-B9A0-F2BA89E14CEA}.Release|Any CPU.ActiveCfg = Release|Any CPU
		{9CB9238C-D50A-4A43-B9A0-F2BA89E14CEA}.Release|Any CPU.Build.0 = Release|Any CPU
	EndGlobalSection
	GlobalSection(SolutionProperties) = preSolution
		HideSolutionNode = FALSE
	EndGlobalSection
	GlobalSection(ExtensibilityGlobals) = postSolution
		SolutionGuid = {10D2FF0C-759F-41E0-9D46-404FA013B6F4}
	EndGlobalSection
EndGlobal
